
Microsoft Visual Studio Solution File, Format Version 12.00
# Visual Studio Version 16
VisualStudioVersion = 16.0.31402.337
MinimumVisualStudioVersion = 10.0.40219.1
Project("{8BC9CEB8-8B4A-11D0-8D11-00A0C91BC942}") = "drawingTriangularShapeInvert", "drawingTriangularShapeInvert\drawingTriangularShapeInvert.vcxproj", "{F6F69D56-59E5-463B-A6B4-C7FE8895F1C4}"
EndProject
Global
	GlobalSection(SolutionConfigurationPlatforms) = preSolution
		Debug|x64 = Debug|x64
		Debug|x86 = Debug|x86
		Release|x64 = Release|x64
		Release|x86 = Release|x86
	EndGlobalSection
	GlobalSection(ProjectConfigurationPlatforms) = postSolution
		{F6F69D56-59E5-463B-A6B4-C7FE8895F1C4}.Debug|x64.ActiveCfg = Debug|x64
		{F6F69D56-59E5-463B-A6B4-C7FE8895F1C4}.Debug|x64.Build.0 = Debug|x64
		{F6F69D56-59E5-463B-A6B4-C7FE8895F1C4}.Debug|x86.ActiveCfg = Debug|Win32
		{F6F69D56-59E5-463B-A6B4-C7FE8895F1C4}.Debug|x86.Build.0 = Debug|Win32
		{F6F69D56-59E5-463B-A6B4-C7FE8895F1C4}.Release|x64.ActiveCfg = Release|x64
		{F6F69D56-59E5-463B-A6B4-C7FE8895F1C4}.Release|x64.Build.0 = Release|x64
		{F6F69D56-59E5-463B-A6B4-C7FE8895F1C4}.Release|x86.ActiveCfg = Release|Win32
		{F6F69D56-59E5-463B-A6B4-C7FE8895F1C4}.Release|x86.Build.0 = Release|Win32
	EndGlobalSection
	GlobalSection(SolutionProperties) = preSolution
		HideSolutionNode = FALSE
	EndGlobalSection
	GlobalSection(ExtensibilityGlobals) = postSolution
		SolutionGuid = {D02EDD9C-3802-429B-9CB1-8EF898950C4F}
	EndGlobalSection
EndGlobal
